// !$*UTF8*$!
{
	archiveVersion = 1;
	classes = {
	};
	objectVersion = 56;
	objects = {

/* Begin PBXBuildFile section */
		A50A460129E5DAB50083AE3D /* UIImageView+Extension.swift in Sources */ = {isa = PBXBuildFile; fileRef = A50A460029E5DAB50083AE3D /* UIImageView+Extension.swift */; };
		A50A460C29E61FFF0083AE3D /* Contact+CoreDataClass.swift in Sources */ = {isa = PBXBuildFile; fileRef = A50A460A29E61FFF0083AE3D /* Contact+CoreDataClass.swift */; };
		A50A460D29E61FFF0083AE3D /* Contact+CoreDataProperties.swift in Sources */ = {isa = PBXBuildFile; fileRef = A50A460B29E61FFF0083AE3D /* Contact+CoreDataProperties.swift */; };
		A52CF66A298ECFDD0010979F /* AppDelegate.swift in Sources */ = {isa = PBXBuildFile; fileRef = A52CF669298ECFDD0010979F /* AppDelegate.swift */; };
		A52CF66C298ECFDD0010979F /* SceneDelegate.swift in Sources */ = {isa = PBXBuildFile; fileRef = A52CF66B298ECFDD0010979F /* SceneDelegate.swift */; };
		A52CF66E298ECFDD0010979F /* HomeVC.swift in Sources */ = {isa = PBXBuildFile; fileRef = A52CF66D298ECFDD0010979F /* HomeVC.swift */; };
		A52CF671298ECFDD0010979F /* Main.storyboard in Resources */ = {isa = PBXBuildFile; fileRef = A52CF66F298ECFDD0010979F /* Main.storyboard */; };
		A52CF674298ECFDD0010979F /* myContacts.xcdatamodeld in Sources */ = {isa = PBXBuildFile; fileRef = A52CF672298ECFDD0010979F /* myContacts.xcdatamodeld */; };
		A52CF676298ECFDE0010979F /* Assets.xcassets in Resources */ = {isa = PBXBuildFile; fileRef = A52CF675298ECFDE0010979F /* Assets.xcassets */; };
		A52CF679298ECFDE0010979F /* LaunchScreen.storyboard in Resources */ = {isa = PBXBuildFile; fileRef = A52CF677298ECFDE0010979F /* LaunchScreen.storyboard */; };
		A52CF692298EED1C0010979F /* AddContactVC.swift in Sources */ = {isa = PBXBuildFile; fileRef = A52CF691298EED1C0010979F /* AddContactVC.swift */; };
		A52CF694298EEDAF0010979F /* ContactsTableViewCell.swift in Sources */ = {isa = PBXBuildFile; fileRef = A52CF693298EEDAF0010979F /* ContactsTableViewCell.swift */; };
		A5408B1029E4B21B00919209 /* sf-ui-display-black.otf in Resources */ = {isa = PBXBuildFile; fileRef = A5408B0829E4B1D700919209 /* sf-ui-display-black.otf */; };
		A5408B1129E4B21E00919209 /* sf-ui-display-bold.otf in Resources */ = {isa = PBXBuildFile; fileRef = A5408B0929E4B1D700919209 /* sf-ui-display-bold.otf */; };
		A5408B1229E4B22100919209 /* sf-ui-display-heavy.otf in Resources */ = {isa = PBXBuildFile; fileRef = A5408B0B29E4B1D700919209 /* sf-ui-display-heavy.otf */; };
		A5408B1329E4B22400919209 /* sf-ui-display-light.otf in Resources */ = {isa = PBXBuildFile; fileRef = A5408B0C29E4B1D700919209 /* sf-ui-display-light.otf */; };
		A5408B1429E4B22800919209 /* sf-ui-display-medium.otf in Resources */ = {isa = PBXBuildFile; fileRef = A5408B0F29E4B1D700919209 /* sf-ui-display-medium.otf */; };
		A5408B1529E4B22B00919209 /* sf-ui-display-semibold.otf in Resources */ = {isa = PBXBuildFile; fileRef = A5408B0A29E4B1D700919209 /* sf-ui-display-semibold.otf */; };
		A5408B1629E4B22D00919209 /* sf-ui-display-thin.otf in Resources */ = {isa = PBXBuildFile; fileRef = A5408B0E29E4B1D700919209 /* sf-ui-display-thin.otf */; };
		A5408B1729E4B23100919209 /* sf-ui-display-ultralight.otf in Resources */ = {isa = PBXBuildFile; fileRef = A5408B0D29E4B1D700919209 /* sf-ui-display-ultralight.otf */; };
		A56A72C929B2B51300BA4D64 /* View+Extension.swift in Sources */ = {isa = PBXBuildFile; fileRef = A56A72C829B2B51300BA4D64 /* View+Extension.swift */; };
		A58A850C29E8361400DE7196 /* GenerateImageWithInitials.swift in Sources */ = {isa = PBXBuildFile; fileRef = A58A850B29E8361400DE7196 /* GenerateImageWithInitials.swift */; };
		A59500F3299039D0002070B8 /* ProfileVC.swift in Sources */ = {isa = PBXBuildFile; fileRef = A59500F2299039D0002070B8 /* ProfileVC.swift */; };
		A5BB54B829B4C151009F5B65 /* FavoritesVC.swift in Sources */ = {isa = PBXBuildFile; fileRef = A5BB54B729B4C151009F5B65 /* FavoritesVC.swift */; };
		A5BB54BA29B4C163009F5B65 /* FavoritesTableViewCell.swift in Sources */ = {isa = PBXBuildFile; fileRef = A5BB54B929B4C163009F5B65 /* FavoritesTableViewCell.swift */; };
		A5D46C2529AFD5DF001EC0B2 /* Loaf in Frameworks */ = {isa = PBXBuildFile; productRef = A5D46C2429AFD5DF001EC0B2 /* Loaf */; };
/* End PBXBuildFile section */

/* Begin PBXFileReference section */
		A50A460029E5DAB50083AE3D /* UIImageView+Extension.swift */ = {isa = PBXFileReference; lastKnownFileType = sourcecode.swift; path = "UIImageView+Extension.swift"; sourceTree = "<group>"; };
		A50A460A29E61FFF0083AE3D /* Contact+CoreDataClass.swift */ = {isa = PBXFileReference; lastKnownFileType = sourcecode.swift; path = "Contact+CoreDataClass.swift"; sourceTree = "<group>"; };
		A50A460B29E61FFF0083AE3D /* Contact+CoreDataProperties.swift */ = {isa = PBXFileReference; lastKnownFileType = sourcecode.swift; path = "Contact+CoreDataProperties.swift"; sourceTree = "<group>"; };
		A52CF666298ECFDD0010979F /* myContacts.app */ = {isa = PBXFileReference; explicitFileType = wrapper.application; includeInIndex = 0; path = myContacts.app; sourceTree = BUILT_PRODUCTS_DIR; };
		A52CF669298ECFDD0010979F /* AppDelegate.swift */ = {isa = PBXFileReference; lastKnownFileType = sourcecode.swift; path = AppDelegate.swift; sourceTree = "<group>"; };
		A52CF66B298ECFDD0010979F /* SceneDelegate.swift */ = {isa = PBXFileReference; lastKnownFileType = sourcecode.swift; path = SceneDelegate.swift; sourceTree = "<group>"; };
		A52CF66D298ECFDD0010979F /* HomeVC.swift */ = {isa = PBXFileReference; lastKnownFileType = sourcecode.swift; path = HomeVC.swift; sourceTree = "<group>"; };
		A52CF670298ECFDD0010979F /* Base */ = {isa = PBXFileReference; lastKnownFileType = file.storyboard; name = Base; path = Base.lproj/Main.storyboard; sourceTree = "<group>"; };
		A52CF673298ECFDD0010979F /* myContacts.xcdatamodel */ = {isa = PBXFileReference; lastKnownFileType = wrapper.xcdatamodel; path = myContacts.xcdatamodel; sourceTree = "<group>"; };
		A52CF675298ECFDE0010979F /* Assets.xcassets */ = {isa = PBXFileReference; lastKnownFileType = folder.assetcatalog; path = Assets.xcassets; sourceTree = "<group>"; };
		A52CF678298ECFDE0010979F /* Base */ = {isa = PBXFileReference; lastKnownFileType = file.storyboard; name = Base; path = Base.lproj/LaunchScreen.storyboard; sourceTree = "<group>"; };
		A52CF67A298ECFDE0010979F /* Info.plist */ = {isa = PBXFileReference; lastKnownFileType = text.plist.xml; path = Info.plist; sourceTree = "<group>"; };
		A52CF691298EED1C0010979F /* AddContactVC.swift */ = {isa = PBXFileReference; lastKnownFileType = sourcecode.swift; path = AddContactVC.swift; sourceTree = "<group>"; };
		A52CF693298EEDAF0010979F /* ContactsTableViewCell.swift */ = {isa = PBXFileReference; lastKnownFileType = sourcecode.swift; path = ContactsTableViewCell.swift; sourceTree = "<group>"; };
		A5408B0829E4B1D700919209 /* sf-ui-display-black.otf */ = {isa = PBXFileReference; lastKnownFileType = file; path = "sf-ui-display-black.otf"; sourceTree = "<group>"; };
		A5408B0929E4B1D700919209 /* sf-ui-display-bold.otf */ = {isa = PBXFileReference; lastKnownFileType = file; path = "sf-ui-display-bold.otf"; sourceTree = "<group>"; };
		A5408B0A29E4B1D700919209 /* sf-ui-display-semibold.otf */ = {isa = PBXFileReference; lastKnownFileType = file; path = "sf-ui-display-semibold.otf"; sourceTree = "<group>"; };
		A5408B0B29E4B1D700919209 /* sf-ui-display-heavy.otf */ = {isa = PBXFileReference; lastKnownFileType = file; path = "sf-ui-display-heavy.otf"; sourceTree = "<group>"; };
		A5408B0C29E4B1D700919209 /* sf-ui-display-light.otf */ = {isa = PBXFileReference; lastKnownFileType = file; path = "sf-ui-display-light.otf"; sourceTree = "<group>"; };
		A5408B0D29E4B1D700919209 /* sf-ui-display-ultralight.otf */ = {isa = PBXFileReference; lastKnownFileType = file; path = "sf-ui-display-ultralight.otf"; sourceTree = "<group>"; };
		A5408B0E29E4B1D700919209 /* sf-ui-display-thin.otf */ = {isa = PBXFileReference; lastKnownFileType = file; path = "sf-ui-display-thin.otf"; sourceTree = "<group>"; };
		A5408B0F29E4B1D700919209 /* sf-ui-display-medium.otf */ = {isa = PBXFileReference; lastKnownFileType = file; path = "sf-ui-display-medium.otf"; sourceTree = "<group>"; };
		A56A72C829B2B51300BA4D64 /* View+Extension.swift */ = {isa = PBXFileReference; lastKnownFileType = sourcecode.swift; path = "View+Extension.swift"; sourceTree = "<group>"; };
		A58A850B29E8361400DE7196 /* GenerateImageWithInitials.swift */ = {isa = PBXFileReference; lastKnownFileType = sourcecode.swift; path = GenerateImageWithInitials.swift; sourceTree = "<group>"; };
		A59500F2299039D0002070B8 /* ProfileVC.swift */ = {isa = PBXFileReference; lastKnownFileType = sourcecode.swift; path = ProfileVC.swift; sourceTree = "<group>"; };
		A5BB54B729B4C151009F5B65 /* FavoritesVC.swift */ = {isa = PBXFileReference; fileEncoding = 4; lastKnownFileType = sourcecode.swift; path = FavoritesVC.swift; sourceTree = "<group>"; };
		A5BB54B929B4C163009F5B65 /* FavoritesTableViewCell.swift */ = {isa = PBXFileReference; fileEncoding = 4; lastKnownFileType = sourcecode.swift; path = FavoritesTableViewCell.swift; sourceTree = "<group>"; };
/* End PBXFileReference section */

/* Begin PBXFrameworksBuildPhase section */
		A52CF663298ECFDD0010979F /* Frameworks */ = {
			isa = PBXFrameworksBuildPhase;
			buildActionMask = 2147483647;
			files = (
				A5D46C2529AFD5DF001EC0B2 /* Loaf in Frameworks */,
			);
			runOnlyForDeploymentPostprocessing = 0;
		};
/* End PBXFrameworksBuildPhase section */

/* Begin PBXGroup section */
		A52CF65D298ECFDD0010979F = {
			isa = PBXGroup;
			children = (
				A52CF668298ECFDD0010979F /* myContacts */,
				A52CF667298ECFDD0010979F /* Products */,
			);
			sourceTree = "<group>";
		};
		A52CF667298ECFDD0010979F /* Products */ = {
			isa = PBXGroup;
			children = (
				A52CF666298ECFDD0010979F /* myContacts.app */,
			);
			name = Products;
			sourceTree = "<group>";
		};
		A52CF668298ECFDD0010979F /* myContacts */ = {
			isa = PBXGroup;
			children = (
				A58A850829E8356D00DE7196 /* Application */,
				A58A850929E835D800DE7196 /* Core */,
				A52CF68E298ED7550010979F /* Controllers */,
				A52CF68D298ED7460010979F /* Storyboards */,
				A52CF68B298ED7200010979F /* Resources */,
			);
			path = myContacts;
			sourceTree = "<group>";
		};
		A52CF68A298ED6F60010979F /* CoreData */ = {
			isa = PBXGroup;
			children = (
				A50A460A29E61FFF0083AE3D /* Contact+CoreDataClass.swift */,
				A50A460B29E61FFF0083AE3D /* Contact+CoreDataProperties.swift */,
				A52CF672298ECFDD0010979F /* myContacts.xcdatamodeld */,
			);
			path = CoreData;
			sourceTree = "<group>";
		};
		A52CF68B298ED7200010979F /* Resources */ = {
			isa = PBXGroup;
			children = (
				A5408B0729E4B1A100919209 /* Fonts */,
				A52CF675298ECFDE0010979F /* Assets.xcassets */,
				A52CF677298ECFDE0010979F /* LaunchScreen.storyboard */,
				A52CF67A298ECFDE0010979F /* Info.plist */,
			);
			path = Resources;
			sourceTree = "<group>";
		};
		A52CF68D298ED7460010979F /* Storyboards */ = {
			isa = PBXGroup;
			children = (
				A52CF66F298ECFDD0010979F /* Main.storyboard */,
			);
			path = Storyboards;
			sourceTree = "<group>";
		};
		A52CF68E298ED7550010979F /* Controllers */ = {
			isa = PBXGroup;
			children = (
				A5829EAA29B3A79000C11FE0 /* Pages */,
				A5829EAB29B3A7A600C11FE0 /* Cells */,
			);
			path = Controllers;
			sourceTree = "<group>";
		};
		A5408B0729E4B1A100919209 /* Fonts */ = {
			isa = PBXGroup;
			children = (
				A5408B0829E4B1D700919209 /* sf-ui-display-black.otf */,
				A5408B0929E4B1D700919209 /* sf-ui-display-bold.otf */,
				A5408B0B29E4B1D700919209 /* sf-ui-display-heavy.otf */,
				A5408B0C29E4B1D700919209 /* sf-ui-display-light.otf */,
				A5408B0F29E4B1D700919209 /* sf-ui-display-medium.otf */,
				A5408B0A29E4B1D700919209 /* sf-ui-display-semibold.otf */,
				A5408B0E29E4B1D700919209 /* sf-ui-display-thin.otf */,
				A5408B0D29E4B1D700919209 /* sf-ui-display-ultralight.otf */,
			);
			path = Fonts;
			sourceTree = "<group>";
		};
		A56A72C729B2B4F900BA4D64 /* Extensions */ = {
			isa = PBXGroup;
			children = (
				A56A72C829B2B51300BA4D64 /* View+Extension.swift */,
				A50A460029E5DAB50083AE3D /* UIImageView+Extension.swift */,
			);
			path = Extensions;
			sourceTree = "<group>";
		};
		A5829EAA29B3A79000C11FE0 /* Pages */ = {
			isa = PBXGroup;
			children = (
				A52CF66D298ECFDD0010979F /* HomeVC.swift */,
				A59500F2299039D0002070B8 /* ProfileVC.swift */,
				A5BB54B729B4C151009F5B65 /* FavoritesVC.swift */,
				A52CF691298EED1C0010979F /* AddContactVC.swift */,
			);
			path = Pages;
			sourceTree = "<group>";
		};
		A5829EAB29B3A7A600C11FE0 /* Cells */ = {
			isa = PBXGroup;
			children = (
				A52CF693298EEDAF0010979F /* ContactsTableViewCell.swift */,
				A5BB54B929B4C163009F5B65 /* FavoritesTableViewCell.swift */,
			);
			path = Cells;
			sourceTree = "<group>";
		};
		A58A850829E8356D00DE7196 /* Application */ = {
			isa = PBXGroup;
			children = (
				A52CF669298ECFDD0010979F /* AppDelegate.swift */,
				A52CF66B298ECFDD0010979F /* SceneDelegate.swift */,
			);
			path = Application;
			sourceTree = "<group>";
		};
		A58A850929E835D800DE7196 /* Core */ = {
			isa = PBXGroup;
			children = (
				A52CF68A298ED6F60010979F /* CoreData */,
				A56A72C729B2B4F900BA4D64 /* Extensions */,
				A58A850A29E835E900DE7196 /* Helpers */,
			);
			path = Core;
			sourceTree = "<group>";
		};
		A58A850A29E835E900DE7196 /* Helpers */ = {
			isa = PBXGroup;
			children = (
				A58A850B29E8361400DE7196 /* GenerateImageWithInitials.swift */,
			);
			path = Helpers;
			sourceTree = "<group>";
		};
/* End PBXGroup section */

/* Begin PBXNativeTarget section */
		A52CF665298ECFDD0010979F /* myContacts */ = {
			isa = PBXNativeTarget;
			buildConfigurationList = A52CF67D298ECFDE0010979F /* Build configuration list for PBXNativeTarget "myContacts" */;
			buildPhases = (
				A52CF662298ECFDD0010979F /* Sources */,
				A52CF663298ECFDD0010979F /* Frameworks */,
				A52CF664298ECFDD0010979F /* Resources */,
			);
			buildRules = (
			);
			dependencies = (
			);
			name = myContacts;
			packageProductDependencies = (
				A5D46C2429AFD5DF001EC0B2 /* Loaf */,
			);
			productName = myContacts;
			productReference = A52CF666298ECFDD0010979F /* myContacts.app */;
			productType = "com.apple.product-type.application";
		};
/* End PBXNativeTarget section */

/* Begin PBXProject section */
		A52CF65E298ECFDD0010979F /* Project object */ = {
			isa = PBXProject;
			attributes = {
				BuildIndependentTargetsInParallel = 1;
				LastSwiftUpdateCheck = 1420;
				LastUpgradeCheck = 1420;
				TargetAttributes = {
					A52CF665298ECFDD0010979F = {
						CreatedOnToolsVersion = 14.2;
					};
				};
			};
			buildConfigurationList = A52CF661298ECFDD0010979F /* Build configuration list for PBXProject "myContacts" */;
			compatibilityVersion = "Xcode 14.0";
			developmentRegion = en;
			hasScannedForEncodings = 0;
			knownRegions = (
				en,
				Base,
			);
			mainGroup = A52CF65D298ECFDD0010979F;
			packageReferences = (
				A5D46C2329AFD5DF001EC0B2 /* XCRemoteSwiftPackageReference "Loaf" */,
			);
			productRefGroup = A52CF667298ECFDD0010979F /* Products */;
			projectDirPath = "";
			projectRoot = "";
			targets = (
				A52CF665298ECFDD0010979F /* myContacts */,
			);
		};
/* End PBXProject section */

/* Begin PBXResourcesBuildPhase section */
		A52CF664298ECFDD0010979F /* Resources */ = {
			isa = PBXResourcesBuildPhase;
			buildActionMask = 2147483647;
			files = (
				A52CF679298ECFDE0010979F /* LaunchScreen.storyboard in Resources */,
				A5408B1229E4B22100919209 /* sf-ui-display-heavy.otf in Resources */,
				A52CF676298ECFDE0010979F /* Assets.xcassets in Resources */,
				A5408B1129E4B21E00919209 /* sf-ui-display-bold.otf in Resources */,
				A5408B1429E4B22800919209 /* sf-ui-display-medium.otf in Resources */,
				A5408B1529E4B22B00919209 /* sf-ui-display-semibold.otf in Resources */,
				A5408B1629E4B22D00919209 /* sf-ui-display-thin.otf in Resources */,
				A5408B1729E4B23100919209 /* sf-ui-display-ultralight.otf in Resources */,
				A52CF671298ECFDD0010979F /* Main.storyboard in Resources */,
				A5408B1029E4B21B00919209 /* sf-ui-display-black.otf in Resources */,
				A5408B1329E4B22400919209 /* sf-ui-display-light.otf in Resources */,
			);
			runOnlyForDeploymentPostprocessing = 0;
		};
/* End PBXResourcesBuildPhase section */

/* Begin PBXSourcesBuildPhase section */
		A52CF662298ECFDD0010979F /* Sources */ = {
			isa = PBXSourcesBuildPhase;
			buildActionMask = 2147483647;
			files = (
				A52CF674298ECFDD0010979F /* myContacts.xcdatamodeld in Sources */,
				A58A850C29E8361400DE7196 /* GenerateImageWithInitials.swift in Sources */,
				A50A460129E5DAB50083AE3D /* UIImageView+Extension.swift in Sources */,
				A59500F3299039D0002070B8 /* ProfileVC.swift in Sources */,
				A52CF66E298ECFDD0010979F /* HomeVC.swift in Sources */,
				A52CF66A298ECFDD0010979F /* AppDelegate.swift in Sources */,
				A52CF692298EED1C0010979F /* AddContactVC.swift in Sources */,
				A5BB54B829B4C151009F5B65 /* FavoritesVC.swift in Sources */,
				A50A460D29E61FFF0083AE3D /* Contact+CoreDataProperties.swift in Sources */,
				A5BB54BA29B4C163009F5B65 /* FavoritesTableViewCell.swift in Sources */,
				A56A72C929B2B51300BA4D64 /* View+Extension.swift in Sources */,
				A52CF66C298ECFDD0010979F /* SceneDelegate.swift in Sources */,
				A50A460C29E61FFF0083AE3D /* Contact+CoreDataClass.swift in Sources */,
				A52CF694298EEDAF0010979F /* ContactsTableViewCell.swift in Sources */,
			);
			runOnlyForDeploymentPostprocessing = 0;
		};
/* End PBXSourcesBuildPhase section */

/* Begin PBXVariantGroup section */
		A52CF66F298ECFDD0010979F /* Main.storyboard */ = {
			isa = PBXVariantGroup;
			children = (
				A52CF670298ECFDD0010979F /* Base */,
			);
			name = Main.storyboard;
			sourceTree = "<group>";
		};
		A52CF677298ECFDE0010979F /* LaunchScreen.storyboard */ = {
			isa = PBXVariantGroup;
			children = (
				A52CF678298ECFDE0010979F /* Base */,
			);
			name = LaunchScreen.storyboard;
			sourceTree = "<group>";
		};
/* End PBXVariantGroup section */

/* Begin XCBuildConfiguration section */
		A52CF67B298ECFDE0010979F /* Debug */ = {
			isa = XCBuildConfiguration;
			buildSettings = {
				ALWAYS_SEARCH_USER_PATHS = NO;
				CLANG_ANALYZER_NONNULL = YES;
				CLANG_ANALYZER_NUMBER_OBJECT_CONVERSION = YES_AGGRESSIVE;
				CLANG_CXX_LANGUAGE_STANDARD = "gnu++20";
				CLANG_ENABLE_MODULES = YES;
				CLANG_ENABLE_OBJC_ARC = YES;
				CLANG_ENABLE_OBJC_WEAK = YES;
				CLANG_WARN_BLOCK_CAPTURE_AUTORELEASING = YES;
				CLANG_WARN_BOOL_CONVERSION = YES;
				CLANG_WARN_COMMA = YES;
				CLANG_WARN_CONSTANT_CONVERSION = YES;
				CLANG_WARN_DEPRECATED_OBJC_IMPLEMENTATIONS = YES;
				CLANG_WARN_DIRECT_OBJC_ISA_USAGE = YES_ERROR;
				CLANG_WARN_DOCUMENTATION_COMMENTS = YES;
				CLANG_WARN_EMPTY_BODY = YES;
				CLANG_WARN_ENUM_CONVERSION = YES;
				CLANG_WARN_INFINITE_RECURSION = YES;
				CLANG_WARN_INT_CONVERSION = YES;
				CLANG_WARN_NON_LITERAL_NULL_CONVERSION = YES;
				CLANG_WARN_OBJC_IMPLICIT_RETAIN_SELF = YES;
				CLANG_WARN_OBJC_LITERAL_CONVERSION = YES;
				CLANG_WARN_OBJC_ROOT_CLASS = YES_ERROR;
				CLANG_WARN_QUOTED_INCLUDE_IN_FRAMEWORK_HEADER = YES;
				CLANG_WARN_RANGE_LOOP_ANALYSIS = YES;
				CLANG_WARN_STRICT_PROTOTYPES = YES;
				CLANG_WARN_SUSPICIOUS_MOVE = YES;
				CLANG_WARN_UNGUARDED_AVAILABILITY = YES_AGGRESSIVE;
				CLANG_WARN_UNREACHABLE_CODE = YES;
				CLANG_WARN__DUPLICATE_METHOD_MATCH = YES;
				COPY_PHASE_STRIP = NO;
				DEBUG_INFORMATION_FORMAT = dwarf;
				ENABLE_STRICT_OBJC_MSGSEND = YES;
				ENABLE_TESTABILITY = YES;
				GCC_C_LANGUAGE_STANDARD = gnu11;
				GCC_DYNAMIC_NO_PIC = NO;
				GCC_NO_COMMON_BLOCKS = YES;
				GCC_OPTIMIZATION_LEVEL = 0;
				GCC_PREPROCESSOR_DEFINITIONS = (
					"DEBUG=1",
					"$(inherited)",
				);
				GCC_WARN_64_TO_32_BIT_CONVERSION = YES;
				GCC_WARN_ABOUT_RETURN_TYPE = YES_ERROR;
				GCC_WARN_UNDECLARED_SELECTOR = YES;
				GCC_WARN_UNINITIALIZED_AUTOS = YES_AGGRESSIVE;
				GCC_WARN_UNUSED_FUNCTION = YES;
				GCC_WARN_UNUSED_VARIABLE = YES;
				IPHONEOS_DEPLOYMENT_TARGET = 16.4;
				MTL_ENABLE_DEBUG_INFO = INCLUDE_SOURCE;
				MTL_FAST_MATH = YES;
				ONLY_ACTIVE_ARCH = YES;
				SDKROOT = iphoneos;
				SWIFT_ACTIVE_COMPILATION_CONDITIONS = DEBUG;
				SWIFT_OPTIMIZATION_LEVEL = "-Onone";
			};
			name = Debug;
		};
		A52CF67C298ECFDE0010979F /* Release */ = {
			isa = XCBuildConfiguration;
			buildSettings = {
				ALWAYS_SEARCH_USER_PATHS = NO;
				CLANG_ANALYZER_NONNULL = YES;
				CLANG_ANALYZER_NUMBER_OBJECT_CONVERSION = YES_AGGRESSIVE;
				CLANG_CXX_LANGUAGE_STANDARD = "gnu++20";
				CLANG_ENABLE_MODULES = YES;
				CLANG_ENABLE_OBJC_ARC = YES;
				CLANG_ENABLE_OBJC_WEAK = YES;
				CLANG_WARN_BLOCK_CAPTURE_AUTORELEASING = YES;
				CLANG_WARN_BOOL_CONVERSION = YES;
				CLANG_WARN_COMMA = YES;
				CLANG_WARN_CONSTANT_CONVERSION = YES;
				CLANG_WARN_DEPRECATED_OBJC_IMPLEMENTATIONS = YES;
				CLANG_WARN_DIRECT_OBJC_ISA_USAGE = YES_ERROR;
				CLANG_WARN_DOCUMENTATION_COMMENTS = YES;
				CLANG_WARN_EMPTY_BODY = YES;
				CLANG_WARN_ENUM_CONVERSION = YES;
				CLANG_WARN_INFINITE_RECURSION = YES;
				CLANG_WARN_INT_CONVERSION = YES;
				CLANG_WARN_NON_LITERAL_NULL_CONVERSION = YES;
				CLANG_WARN_OBJC_IMPLICIT_RETAIN_SELF = YES;
				CLANG_WARN_OBJC_LITERAL_CONVERSION = YES;
				CLANG_WARN_OBJC_ROOT_CLASS = YES_ERROR;
				CLANG_WARN_QUOTED_INCLUDE_IN_FRAMEWORK_HEADER = YES;
				CLANG_WARN_RANGE_LOOP_ANALYSIS = YES;
				CLANG_WARN_STRICT_PROTOTYPES = YES;
				CLANG_WARN_SUSPICIOUS_MOVE = YES;
				CLANG_WARN_UNGUARDED_AVAILABILITY = YES_AGGRESSIVE;
				CLANG_WARN_UNREACHABLE_CODE = YES;
				CLANG_WARN__DUPLICATE_METHOD_MATCH = YES;
				COPY_PHASE_STRIP = NO;
				DEBUG_INFORMATION_FORMAT = "dwarf-with-dsym";
				ENABLE_NS_ASSERTIONS = NO;
				ENABLE_STRICT_OBJC_MSGSEND = YES;
				GCC_C_LANGUAGE_STANDARD = gnu11;
				GCC_NO_COMMON_BLOCKS = YES;
				GCC_WARN_64_TO_32_BIT_CONVERSION = YES;
				GCC_WARN_ABOUT_RETURN_TYPE = YES_ERROR;
				GCC_WARN_UNDECLARED_SELECTOR = YES;
				GCC_WARN_UNINITIALIZED_AUTOS = YES_AGGRESSIVE;
				GCC_WARN_UNUSED_FUNCTION = YES;
				GCC_WARN_UNUSED_VARIABLE = YES;
				IPHONEOS_DEPLOYMENT_TARGET = 16.4;
				MTL_ENABLE_DEBUG_INFO = NO;
				MTL_FAST_MATH = YES;
				SDKROOT = iphoneos;
				SWIFT_COMPILATION_MODE = wholemodule;
				SWIFT_OPTIMIZATION_LEVEL = "-O";
				VALIDATE_PRODUCT = YES;
			};
			name = Release;
		};
		A52CF67E298ECFDE0010979F /* Debug */ = {
			isa = XCBuildConfiguration;
			buildSettings = {
				ASSETCATALOG_COMPILER_APPICON_NAME = AppIcon;
				ASSETCATALOG_COMPILER_GLOBAL_ACCENT_COLOR_NAME = AccentColor;
				CODE_SIGN_STYLE = Automatic;
				CURRENT_PROJECT_VERSION = 1;
				DEVELOPMENT_TEAM = NW6K64987Z;
				GENERATE_INFOPLIST_FILE = YES;
				INFOPLIST_FILE = myContacts/Resources/Info.plist;
				INFOPLIST_KEY_CFBundleDisplayName = Kontacts;
				INFOPLIST_KEY_UIApplicationSupportsIndirectInputEvents = YES;
				INFOPLIST_KEY_UILaunchStoryboardName = LaunchScreen;
				INFOPLIST_KEY_UIMainStoryboardFile = Main;
				INFOPLIST_KEY_UIStatusBarStyle = UIStatusBarStyleDarkContent;
				INFOPLIST_KEY_UISupportedInterfaceOrientations = UIInterfaceOrientationPortrait;
				IPHONEOS_DEPLOYMENT_TARGET = 16.0;
				LD_RUNPATH_SEARCH_PATHS = (
					"$(inherited)",
					"@executable_path/Frameworks",
				);
				MARKETING_VERSION = 1.0;
				PRODUCT_BUNDLE_IDENTIFIER = com.K.myContacts;
				PRODUCT_NAME = "$(TARGET_NAME)";
				SUPPORTED_PLATFORMS = "iphoneos iphonesimulator";
				SUPPORTS_MACCATALYST = NO;
				SUPPORTS_MAC_DESIGNED_FOR_IPHONE_IPAD = NO;
				SWIFT_EMIT_LOC_STRINGS = YES;
				SWIFT_VERSION = 5.0;
				TARGETED_DEVICE_FAMILY = "1,2";
			};
			name = Debug;
		};
		A52CF67F298ECFDE0010979F /* Release */ = {
			isa = XCBuildConfiguration;
			buildSettings = {
				ASSETCATALOG_COMPILER_APPICON_NAME = AppIcon;
				ASSETCATALOG_COMPILER_GLOBAL_ACCENT_COLOR_NAME = AccentColor;
				CODE_SIGN_STYLE = Automatic;
				CURRENT_PROJECT_VERSION = 1;
				DEVELOPMENT_TEAM = NW6K64987Z;
				GENERATE_INFOPLIST_FILE = YES;
				INFOPLIST_FILE = myContacts/Resources/Info.plist;
				INFOPLIST_KEY_CFBundleDisplayName = Kontacts;
				INFOPLIST_KEY_UIApplicationSupportsIndirectInputEvents = YES;
				INFOPLIST_KEY_UILaunchStoryboardName = LaunchScreen;
				INFOPLIST_KEY_UIMainStoryboardFile = Main;
				INFOPLIST_KEY_UIStatusBarStyle = UIStatusBarStyleDarkContent;
				INFOPLIST_KEY_UISupportedInterfaceOrientations = UIInterfaceOrientationPortrait;
				IPHONEOS_DEPLOYMENT_TARGET = 16.0;
				LD_RUNPATH_SEARCH_PATHS = (
					"$(inherited)",
					"@executable_path/Frameworks",
				);
				MARKETING_VERSION = 1.0;
				PRODUCT_BUNDLE_IDENTIFIER = com.K.myContacts;
				PRODUCT_NAME = "$(TARGET_NAME)";
				SUPPORTED_PLATFORMS = "iphoneos iphonesimulator";
				SUPPORTS_MACCATALYST = NO;
				SUPPORTS_MAC_DESIGNED_FOR_IPHONE_IPAD = NO;
				SWIFT_EMIT_LOC_STRINGS = YES;
				SWIFT_VERSION = 5.0;
				TARGETED_DEVICE_FAMILY = "1,2";
			};
			name = Release;
		};
/* End XCBuildConfiguration section */

/* Begin XCConfigurationList section */
		A52CF661298ECFDD0010979F /* Build configuration list for PBXProject "myContacts" */ = {
			isa = XCConfigurationList;
			buildConfigurations = (
				A52CF67B298ECFDE0010979F /* Debug */,
				A52CF67C298ECFDE0010979F /* Release */,
			);
			defaultConfigurationIsVisible = 0;
			defaultConfigurationName = Release;
		};
		A52CF67D298ECFDE0010979F /* Build configuration list for PBXNativeTarget "myContacts" */ = {
			isa = XCConfigurationList;
			buildConfigurations = (
				A52CF67E298ECFDE0010979F /* Debug */,
				A52CF67F298ECFDE0010979F /* Release */,
			);
			defaultConfigurationIsVisible = 0;
			defaultConfigurationName = Release;
		};
/* End XCConfigurationList section */

/* Begin XCRemoteSwiftPackageReference section */
		A5D46C2329AFD5DF001EC0B2 /* XCRemoteSwiftPackageReference "Loaf" */ = {
			isa = XCRemoteSwiftPackageReference;
			repositoryURL = "https://github.com/schmidyy/Loaf";
			requirement = {
				kind = upToNextMajorVersion;
				minimumVersion = 0.7.0;
			};
		};
/* End XCRemoteSwiftPackageReference section */

/* Begin XCSwiftPackageProductDependency section */
		A5D46C2429AFD5DF001EC0B2 /* Loaf */ = {
			isa = XCSwiftPackageProductDependency;
			package = A5D46C2329AFD5DF001EC0B2 /* XCRemoteSwiftPackageReference "Loaf" */;
			productName = Loaf;
		};
/* End XCSwiftPackageProductDependency section */

/* Begin XCVersionGroup section */
		A52CF672298ECFDD0010979F /* myContacts.xcdatamodeld */ = {
			isa = XCVersionGroup;
			children = (
				A52CF673298ECFDD0010979F /* myContacts.xcdatamodel */,
			);
			currentVersion = A52CF673298ECFDD0010979F /* myContacts.xcdatamodel */;
			path = myContacts.xcdatamodeld;
			sourceTree = "<group>";
			versionGroupType = wrapper.xcdatamodel;
		};
/* End XCVersionGroup section */
	};
	rootObject = A52CF65E298ECFDD0010979F /* Project object */;
}
